// !$*UTF8*$!
{
	archiveVersion = 1;
	classes = {
	};
	objectVersion = 46;
	objects = {

/* Begin PBXBuildFile section */
		A6EB9D801CC907A100DDE9A2 /* AppDelegate.swift in Sources */ = {isa = PBXBuildFile; fileRef = A6EB9D7F1CC907A100DDE9A2 /* AppDelegate.swift */; };
		A6EB9D821CC907A100DDE9A2 /* ViewController.swift in Sources */ = {isa = PBXBuildFile; fileRef = A6EB9D811CC907A100DDE9A2 /* ViewController.swift */; };
		A6EB9D851CC907A100DDE9A2 /* Main.storyboard in Resources */ = {isa = PBXBuildFile; fileRef = A6EB9D831CC907A100DDE9A2 /* Main.storyboard */; };
		A6EB9D871CC907A100DDE9A2 /* Assets.xcassets in Resources */ = {isa = PBXBuildFile; fileRef = A6EB9D861CC907A100DDE9A2 /* Assets.xcassets */; };
		A6EB9D8A1CC907A100DDE9A2 /* LaunchScreen.storyboard in Resources */ = {isa = PBXBuildFile; fileRef = A6EB9D881CC907A100DDE9A2 /* LaunchScreen.storyboard */; };
/* End PBXBuildFile section */

/* Begin PBXFileReference section */
		A6EB9D7C1CC907A000DDE9A2 /* Trax.app */ = {isa = PBXFileReference; explicitFileType = wrapper.application; includeInIndex = 0; path = Trax.app; sourceTree = BUILT_PRODUCTS_DIR; };
		A6EB9D7F1CC907A100DDE9A2 /* AppDelegate.swift */ = {isa = PBXFileReference; lastKnownFileType = sourcecode.swift; path = AppDelegate.swift; sourceTree = "<group>"; };
		A6EB9D811CC907A100DDE9A2 /* ViewController.swift */ = {isa = PBXFileReference; lastKnownFileType = sourcecode.swift; path = ViewController.swift; sourceTree = "<group>"; };
		A6EB9D841CC907A100DDE9A2 /* Base */ = {isa = PBXFileReference; lastKnownFileType = file.storyboard; name = Base; path = Base.lproj/Main.storyboard; sourceTree = "<group>"; };
		A6EB9D861CC907A100DDE9A2 /* Assets.xcassets */ = {isa = PBXFileReference; lastKnownFileType = folder.assetcatalog; path = Assets.xcassets; sourceTree = "<group>"; };
		A6EB9D891CC907A100DDE9A2 /* Base */ = {isa = PBXFileReference; lastKnownFileType = file.storyboard; name = Base; path = Base.lproj/LaunchScreen.storyboard; sourceTree = "<group>"; };
		A6EB9D8B1CC907A100DDE9A2 /* Info.plist */ = {isa = PBXFileReference; lastKnownFileType = text.plist.xml; path = Info.plist; sourceTree = "<group>"; };
/* End PBXFileReference section */

/* Begin PBXFrameworksBuildPhase section */
		A6EB9D791CC907A000DDE9A2 /* Frameworks */ = {
			isa = PBXFrameworksBuildPhase;
			buildActionMask = 2147483647;
			files = (
			);
			runOnlyForDeploymentPostprocessing = 0;
		};
/* End PBXFrameworksBuildPhase section */

/* Begin PBXGroup section */
		A6EB9D731CC907A000DDE9A2 = {
			isa = PBXGroup;
			children = (
				A6EB9D7E1CC907A000DDE9A2 /* Trax */,
				A6EB9D7D1CC907A000DDE9A2 /* Products */,
			);
			sourceTree = "<group>";
		};
		A6EB9D7D1CC907A000DDE9A2 /* Products */ = {
			isa = PBXGroup;
			children = (
				A6EB9D7C1CC907A000DDE9A2 /* Trax.app */,
			);
			name = Products;
			sourceTree = "<group>";
		};
		A6EB9D7E1CC907A000DDE9A2 /* Trax */ = {
			isa = PBXGroup;
			children = (
				A6EB9D7F1CC907A100DDE9A2 /* AppDelegate.swift */,
				A6EB9D811CC907A100DDE9A2 /* ViewController.swift */,
				A6EB9D831CC907A100DDE9A2 /* Main.storyboard */,
				A6EB9D861CC907A100DDE9A2 /* Assets.xcassets */,
				A6EB9D881CC907A100DDE9A2 /* LaunchScreen.storyboard */,
				A6EB9D8B1CC907A100DDE9A2 /* Info.plist */,
			);
			path = Trax;
			sourceTree = "<group>";
		};
/* End PBXGroup section */

/* Begin PBXNativeTarget section */
		A6EB9D7B1CC907A000DDE9A2 /* Trax */ = {
			isa = PBXNativeTarget;
			buildConfigurationList = A6EB9D8E1CC907A100DDE9A2 /* Build configuration list for PBXNativeTarget "Trax" */;
			buildPhases = (
				A6EB9D781CC907A000DDE9A2 /* Sources */,
				A6EB9D791CC907A000DDE9A2 /* Frameworks */,
				A6EB9D7A1CC907A000DDE9A2 /* Resources */,
			);
			buildRules = (
			);
			dependencies = (
			);
			name = Trax;
			productName = Trax;
			productReference = A6EB9D7C1CC907A000DDE9A2 /* Trax.app */;
			productType = "com.apple.product-type.application";
		};
/* End PBXNativeTarget section */

/* Begin PBXProject section */
		A6EB9D741CC907A000DDE9A2 /* Project object */ = {
			isa = PBXProject;
			attributes = {
				LastSwiftUpdateCheck = 0730;
				LastUpgradeCheck = 0730;
				ORGANIZATIONNAME = "Connor Fitzpatrick";
				TargetAttributes = {
					A6EB9D7B1CC907A000DDE9A2 = {
						CreatedOnToolsVersion = 7.3;
						DevelopmentTeam = U6Y6MMUY2Z;
					};
				};
			};
			buildConfigurationList = A6EB9D771CC907A000DDE9A2 /* Build configuration list for PBXProject "Trax" */;
			compatibilityVersion = "Xcode 3.2";
			developmentRegion = English;
			hasScannedForEncodings = 0;
			knownRegions = (
				en,
				Base,
			);
			mainGroup = A6EB9D731CC907A000DDE9A2;
			productRefGroup = A6EB9D7D1CC907A000DDE9A2 /* Products */;
			projectDirPath = "";
			projectRoot = "";
			targets = (
				A6EB9D7B1CC907A000DDE9A2 /* Trax */,
			);
		};
/* End PBXProject section */

/* Begin PBXResourcesBuildPhase section */
		A6EB9D7A1CC907A000DDE9A2 /* Resources */ = {
			isa = PBXResourcesBuildPhase;
			buildActionMask = 2147483647;
			files = (
				A6EB9D8A1CC907A100DDE9A2 /* LaunchScreen.storyboard in Resources */,
				A6EB9D871CC907A100DDE9A2 /* Assets.xcassets in Resources */,
				A6EB9D851CC907A100DDE9A2 /* Main.storyboard in Resources */,
			);
			runOnlyForDeploymentPostprocessing = 0;
		};
/* End PBXResourcesBuildPhase section */

/* Begin PBXSourcesBuildPhase section */
		A6EB9D781CC907A000DDE9A2 /* Sources */ = {
			isa = PBXSourcesBuildPhase;
			buildActionMask = 2147483647;
			files = (
				A6EB9D821CC907A100DDE9A2 /* ViewController.swift in Sources */,
				A6EB9D801CC907A100DDE9A2 /* AppDelegate.swift in Sources */,
			);
			runOnlyForDeploymentPostprocessing = 0;
		};
/* End PBXSourcesBuildPhase section */

/* Begin PBXVariantGroup section */
		A6EB9D831CC907A100DDE9A2 /* Main.storyboard */ = {
			isa = PBXVariantGroup;
			children = (
				A6EB9D841CC907A100DDE9A2 /* Base */,
			);
			name = Main.storyboard;
			sourceTree = "<group>";
		};
		A6EB9D881CC907A100DDE9A2 /* LaunchScreen.storyboard */ = {
			isa = PBXVariantGroup;
			children = (
				A6EB9D891CC907A100DDE9A2 /* Base */,
			);
			name = LaunchScreen.storyboard;
			sourceTree = "<group>";
		};
/* End PBXVariantGroup section */

/* Begin XCBuildConfiguration section */
		A6EB9D8C1CC907A100DDE9A2 /* Debug */ = {
			isa = XCBuildConfiguration;
			buildSettings = {
				ALWAYS_SEARCH_USER_PATHS = NO;
				CLANG_ANALYZER_NONNULL = YES;
				CLANG_CXX_LANGUAGE_STANDARD = "gnu++0x";
				CLANG_CXX_LIBRARY = "libc++";
				CLANG_ENABLE_MODULES = YES;
				CLANG_ENABLE_OBJC_ARC = YES;
				CLANG_WARN_BOOL_CONVERSION = YES;
				CLANG_WARN_CONSTANT_CONVERSION = YES;
				CLANG_WARN_DIRECT_OBJC_ISA_USAGE = YES_ERROR;
				CLANG_WARN_EMPTY_BODY = YES;
				CLANG_WARN_ENUM_CONVERSION = YES;
				CLANG_WARN_INT_CONVERSION = YES;
				CLANG_WARN_OBJC_ROOT_CLASS = YES_ERROR;
				CLANG_WARN_UNREACHABLE_CODE = YES;
				CLANG_WARN__DUPLICATE_METHOD_MATCH = YES;
				"CODE_SIGN_IDENTITY[sdk=iphoneos*]" = "iPhone Developer";
				COPY_PHASE_STRIP = NO;
				DEBUG_INFORMATION_FORMAT = dwarf;
				ENABLE_STRICT_OBJC_MSGSEND = YES;
				ENABLE_TESTABILITY = YES;
				GCC_C_LANGUAGE_STANDARD = gnu99;
				GCC_DYNAMIC_NO_PIC = NO;
				GCC_NO_COMMON_BLOCKS = YES;
				GCC_OPTIMIZATION_LEVEL = 0;
				GCC_PREPROCESSOR_DEFINITIONS = (
					"DEBUG=1",
					"$(inherited)",
				);
				GCC_WARN_64_TO_32_BIT_CONVERSION = YES;
				GCC_WARN_ABOUT_RETURN_TYPE = YES_ERROR;
				GCC_WARN_UNDECLARED_SELECTOR = YES;
				GCC_WARN_UNINITIALIZED_AUTOS = YES_AGGRESSIVE;
				GCC_WARN_UNUSED_FUNCTION = YES;
				GCC_WARN_UNUSED_VARIABLE = YES;
				IPHONEOS_DEPLOYMENT_TARGET = 9.3;
				MTL_ENABLE_DEBUG_INFO = YES;
				ONLY_ACTIVE_ARCH = YES;
				SDKROOT = iphoneos;
				SWIFT_OPTIMIZATION_LEVEL = "-Onone";
				TARGETED_DEVICE_FAMILY = "1,2";
			};
			name = Debug;
		};
		A6EB9D8D1CC907A100DDE9A2 /* Release */ = {
			isa = XCBuildConfiguration;
			buildSettings = {
				ALWAYS_SEARCH_USER_PATHS = NO;
				CLANG_ANALYZER_NONNULL = YES;
				CLANG_CXX_LANGUAGE_STANDARD = "gnu++0x";
				CLANG_CXX_LIBRARY = "libc++";
				CLANG_ENABLE_MODULES = YES;
				CLANG_ENABLE_OBJC_ARC = YES;
				CLANG_WARN_BOOL_CONVERSION = YES;
				CLANG_WARN_CONSTANT_CONVERSION = YES;
				CLANG_WARN_DIRECT_OBJC_ISA_USAGE = YES_ERROR;
				CLANG_WARN_EMPTY_BODY = YES;
				CLANG_WARN_ENUM_CONVERSION = YES;
				CLANG_WARN_INT_CONVERSION = YES;
				CLANG_WARN_OBJC_ROOT_CLASS = YES_ERROR;
				CLANG_WARN_UNREACHABLE_CODE = YES;
				CLANG_WARN__DUPLICATE_METHOD_MATCH = YES;
				"CODE_SIGN_IDENTITY[sdk=iphoneos*]" = "iPhone Developer";
				COPY_PHASE_STRIP = NO;
				DEBUG_INFORMATION_FORMAT = "dwarf-with-dsym";
				ENABLE_NS_ASSERTIONS = NO;
				ENABLE_STRICT_OBJC_MSGSEND = YES;
				GCC_C_LANGUAGE_STANDARD = gnu99;
				GCC_NO_COMMON_BLOCKS = YES;
				GCC_WARN_64_TO_32_BIT_CONVERSION = YES;
				GCC_WARN_ABOUT_RETURN_TYPE = YES_ERROR;
				GCC_WARN_UNDECLARED_SELECTOR = YES;
				GCC_WARN_UNINITIALIZED_AUTOS = YES_AGGRESSIVE;
				GCC_WARN_UNUSED_FUNCTION = YES;
				GCC_WARN_UNUSED_VARIABLE = YES;
				IPHONEOS_DEPLOYMENT_TARGET = 9.3;
				MTL_ENABLE_DEBUG_INFO = NO;
				SDKROOT = iphoneos;
				TARGETED_DEVICE_FAMILY = "1,2";
				VALIDATE_PRODUCT = YES;
			};
			name = Release;
		};
		A6EB9D8F1CC907A100DDE9A2 /* Debug */ = {
			isa = XCBuildConfiguration;
			buildSettings = {
				ASSETCATALOG_COMPILER_APPICON_NAME = AppIcon;
				INFOPLIST_FILE = Trax/Info.plist;
				LD_RUNPATH_SEARCH_PATHS = "$(inherited) @executable_path/Frameworks";
				PRODUCT_BUNDLE_IDENTIFIER = cjf.edu.luther.cs353.Trax;
				PRODUCT_NAME = "$(TARGET_NAME)";
			};
			name = Debug;
		};
		A6EB9D901CC907A100DDE9A2 /* Release */ = {
			isa = XCBuildConfiguration;
			buildSettings = {
				ASSETCATALOG_COMPILER_APPICON_NAME = AppIcon;
				INFOPLIST_FILE = Trax/Info.plist;
				LD_RUNPATH_SEARCH_PATHS = "$(inherited) @executable_path/Frameworks";
				PRODUCT_BUNDLE_IDENTIFIER = cjf.edu.luther.cs353.Trax;
				PRODUCT_NAME = "$(TARGET_NAME)";
			};
			name = Release;
		};
/* End XCBuildConfiguration section */

/* Begin XCConfigurationList section */
		A6EB9D771CC907A000DDE9A2 /* Build configuration list for PBXProject "Trax" */ = {
			isa = XCConfigurationList;
			buildConfigurations = (
				A6EB9D8C1CC907A100DDE9A2 /* Debug */,
				A6EB9D8D1CC907A100DDE9A2 /* Release */,
			);
			defaultConfigurationIsVisible = 0;
			defaultConfigurationName = Release;
		};
		A6EB9D8E1CC907A100DDE9A2 /* Build configuration list for PBXNativeTarget "Trax" */ = {
			isa = XCConfigurationList;
			buildConfigurations = (
				A6EB9D8F1CC907A100DDE9A2 /* Debug */,
				A6EB9D901CC907A100DDE9A2 /* Release */,
			);
			defaultConfigurationIsVisible = 0;
		};
/* End XCConfigurationList section */
	};
	rootObject = A6EB9D741CC907A000DDE9A2 /* Project object */;
}
